
Microsoft Visual Studio Solution File, Format Version 12.00
# Visual Studio Version 17
VisualStudioVersion = 17.0.31903.59
MinimumVisualStudioVersion = 10.0.40219.1
Project("{FAE04EC0-301F-11D3-BF4B-00C04F79EFBC}") = "SpriteCore", "SpriteCore\SpriteCore.csproj", "{716A53CC-D606-46D4-9B64-2AB8C723DA2B}"
EndProject
Project("{FAE04EC0-301F-11D3-BF4B-00C04F79EFBC}") = "SpriteLauncher", "SpriteLauncher\SpriteLauncher.csproj", "{63296DF5-0735-4E52-9430-3BD5A73B49E3}"
EndProject
Project("{FAE04EC0-301F-11D3-BF4B-00C04F79EFBC}") = "SampleBrowser", "SampleBrowser\SampleBrowser.csproj", "{CD60ABE0-3457-4019-9861-8E4C599F1A98}"
EndProject
Project("{FAE04EC0-301F-11D3-BF4B-00C04F79EFBC}") = "SpriteCore.Tests", "SpriteCore.Tests\SpriteCore.Tests.csproj", "{A2E27E60-63EF-4E8C-9A18-2D737AAC6398}"
EndProject
Project("{FAE04EC0-301F-11D3-BF4B-00C04F79EFBC}") = "SpriteEngine", "SpriteEngine\SpriteEngine.csproj", "{8174508E-3707-4910-87BB-CF5894F059B5}"
EndProject
Project("{FAE04EC0-301F-11D3-BF4B-00C04F79EFBC}") = "SpriteEngine.Tests", "SpriteEngine.Tests\SpriteEngine.Tests.csproj", "{48CB5715-EA69-4E36-9D74-D9EB4245EB63}"
EndProject
Global
	GlobalSection(SolutionConfigurationPlatforms) = preSolution
		Debug|Any CPU = Debug|Any CPU
		Release|Any CPU = Release|Any CPU
	EndGlobalSection
	GlobalSection(SolutionProperties) = preSolution
		HideSolutionNode = FALSE
	EndGlobalSection
	GlobalSection(ProjectConfigurationPlatforms) = postSolution
		{716A53CC-D606-46D4-9B64-2AB8C723DA2B}.Debug|Any CPU.ActiveCfg = Debug|Any CPU
		{716A53CC-D606-46D4-9B64-2AB8C723DA2B}.Debug|Any CPU.Build.0 = Debug|Any CPU
		{716A53CC-D606-46D4-9B64-2AB8C723DA2B}.Release|Any CPU.ActiveCfg = Release|Any CPU
		{716A53CC-D606-46D4-9B64-2AB8C723DA2B}.Release|Any CPU.Build.0 = Release|Any CPU
		{63296DF5-0735-4E52-9430-3BD5A73B49E3}.Debug|Any CPU.ActiveCfg = Debug|Any CPU
		{63296DF5-0735-4E52-9430-3BD5A73B49E3}.Debug|Any CPU.Build.0 = Debug|Any CPU
		{63296DF5-0735-4E52-9430-3BD5A73B49E3}.Release|Any CPU.ActiveCfg = Release|Any CPU
		{63296DF5-0735-4E52-9430-3BD5A73B49E3}.Release|Any CPU.Build.0 = Release|Any CPU
		{CD60ABE0-3457-4019-9861-8E4C599F1A98}.Debug|Any CPU.ActiveCfg = Debug|Any CPU
		{CD60ABE0-3457-4019-9861-8E4C599F1A98}.Debug|Any CPU.Build.0 = Debug|Any CPU
		{CD60ABE0-3457-4019-9861-8E4C599F1A98}.Release|Any CPU.ActiveCfg = Release|Any CPU
		{CD60ABE0-3457-4019-9861-8E4C599F1A98}.Release|Any CPU.Build.0 = Release|Any CPU
		{A2E27E60-63EF-4E8C-9A18-2D737AAC6398}.Debug|Any CPU.ActiveCfg = Debug|Any CPU
		{A2E27E60-63EF-4E8C-9A18-2D737AAC6398}.Debug|Any CPU.Build.0 = Debug|Any CPU
		{A2E27E60-63EF-4E8C-9A18-2D737AAC6398}.Release|Any CPU.ActiveCfg = Release|Any CPU
		{A2E27E60-63EF-4E8C-9A18-2D737AAC6398}.Release|Any CPU.Build.0 = Release|Any CPU
		{8174508E-3707-4910-87BB-CF5894F059B5}.Debug|Any CPU.ActiveCfg = Debug|Any CPU
		{8174508E-3707-4910-87BB-CF5894F059B5}.Debug|Any CPU.Build.0 = Debug|Any CPU
		{8174508E-3707-4910-87BB-CF5894F059B5}.Release|Any CPU.ActiveCfg = Release|Any CPU
		{8174508E-3707-4910-87BB-CF5894F059B5}.Release|Any CPU.Build.0 = Release|Any CPU
		{48CB5715-EA69-4E36-9D74-D9EB4245EB63}.Debug|Any CPU.ActiveCfg = Debug|Any CPU
		{48CB5715-EA69-4E36-9D74-D9EB4245EB63}.Debug|Any CPU.Build.0 = Debug|Any CPU
		{48CB5715-EA69-4E36-9D74-D9EB4245EB63}.Release|Any CPU.ActiveCfg = Release|Any CPU
		{48CB5715-EA69-4E36-9D74-D9EB4245EB63}.Release|Any CPU.Build.0 = Release|Any CPU
	EndGlobalSection
EndGlobal
